
Microsoft Visual Studio Solution File, Format Version 12.00
# Visual Studio Version 17
VisualStudioVersion = 17.0.31903.59
MinimumVisualStudioVersion = 10.0.40219.1
Project("{2150E333-8FDC-42A3-9474-1A3956D46DE8}") = "src", "src", "{1DB51EB6-2DA3-4ED0-A78B-0999B096EBF3}"
EndProject
Project("{FAE04EC0-301F-11D3-BF4B-00C04F79EFBC}") = "BardBot", "src\BardBot\BardBot.csproj", "{FDBE93D4-6867-43A2-9C0A-EF21AED6A355}"
EndProject
Project("{FAE04EC0-301F-11D3-BF4B-00C04F79EFBC}") = "BardBot.Common", "src\BardBot.Common\BardBot.Common.csproj", "{F8603C7E-3D62-44F3-AB2E-7AA9A47CF475}"
EndProject
Project("{FAE04EC0-301F-11D3-BF4B-00C04F79EFBC}") = "BardBot.Discord", "src\BardBot.Discord\BardBot.Discord.csproj", "{13AFC987-CFE3-4B12-872D-D7AD3AF2F930}"
EndProject
Project("{FAE04EC0-301F-11D3-BF4B-00C04F79EFBC}") = "BardBot.Discord.Tests", "src\BardBot.Discord.Tests\BardBot.Discord.Tests.csproj", "{0E68D2FE-C61C-4AA6-9F46-2E83DA8A0EF8}"
EndProject
Global
	GlobalSection(SolutionConfigurationPlatforms) = preSolution
		Debug|Any CPU = Debug|Any CPU
		Release|Any CPU = Release|Any CPU
	EndGlobalSection
	GlobalSection(SolutionProperties) = preSolution
		HideSolutionNode = FALSE
	EndGlobalSection
	GlobalSection(ProjectConfigurationPlatforms) = postSolution
		{FDBE93D4-6867-43A2-9C0A-EF21AED6A355}.Debug|Any CPU.ActiveCfg = Debug|Any CPU
		{FDBE93D4-6867-43A2-9C0A-EF21AED6A355}.Debug|Any CPU.Build.0 = Debug|Any CPU
		{FDBE93D4-6867-43A2-9C0A-EF21AED6A355}.Release|Any CPU.ActiveCfg = Release|Any CPU
		{FDBE93D4-6867-43A2-9C0A-EF21AED6A355}.Release|Any CPU.Build.0 = Release|Any CPU
		{F8603C7E-3D62-44F3-AB2E-7AA9A47CF475}.Debug|Any CPU.ActiveCfg = Debug|Any CPU
		{F8603C7E-3D62-44F3-AB2E-7AA9A47CF475}.Debug|Any CPU.Build.0 = Debug|Any CPU
		{F8603C7E-3D62-44F3-AB2E-7AA9A47CF475}.Release|Any CPU.ActiveCfg = Release|Any CPU
		{F8603C7E-3D62-44F3-AB2E-7AA9A47CF475}.Release|Any CPU.Build.0 = Release|Any CPU
		{13AFC987-CFE3-4B12-872D-D7AD3AF2F930}.Debug|Any CPU.ActiveCfg = Debug|Any CPU
		{13AFC987-CFE3-4B12-872D-D7AD3AF2F930}.Debug|Any CPU.Build.0 = Debug|Any CPU
		{13AFC987-CFE3-4B12-872D-D7AD3AF2F930}.Release|Any CPU.ActiveCfg = Release|Any CPU
		{13AFC987-CFE3-4B12-872D-D7AD3AF2F930}.Release|Any CPU.Build.0 = Release|Any CPU
		{0E68D2FE-C61C-4AA6-9F46-2E83DA8A0EF8}.Debug|Any CPU.ActiveCfg = Debug|Any CPU
		{0E68D2FE-C61C-4AA6-9F46-2E83DA8A0EF8}.Debug|Any CPU.Build.0 = Debug|Any CPU
		{0E68D2FE-C61C-4AA6-9F46-2E83DA8A0EF8}.Release|Any CPU.ActiveCfg = Release|Any CPU
		{0E68D2FE-C61C-4AA6-9F46-2E83DA8A0EF8}.Release|Any CPU.Build.0 = Release|Any CPU
	EndGlobalSection
	GlobalSection(NestedProjects) = preSolution
		{FDBE93D4-6867-43A2-9C0A-EF21AED6A355} = {1DB51EB6-2DA3-4ED0-A78B-0999B096EBF3}
		{F8603C7E-3D62-44F3-AB2E-7AA9A47CF475} = {1DB51EB6-2DA3-4ED0-A78B-0999B096EBF3}
		{13AFC987-CFE3-4B12-872D-D7AD3AF2F930} = {1DB51EB6-2DA3-4ED0-A78B-0999B096EBF3}
		{0E68D2FE-C61C-4AA6-9F46-2E83DA8A0EF8} = {1DB51EB6-2DA3-4ED0-A78B-0999B096EBF3}
	EndGlobalSection
EndGlobal
